// !$*UTF8*$!
{
	archiveVersion = 1;
	classes = {
	};
	objectVersion = 46;
	objects = {

/* Begin PBXBuildFile section */
		FA0D4CB11DCDB88D006524FC /* main.m in Sources */ = {isa = PBXBuildFile; fileRef = FA0D4CB01DCDB88D006524FC /* main.m */; };
		FA0D4CB41DCDB88D006524FC /* AppDelegate.m in Sources */ = {isa = PBXBuildFile; fileRef = FA0D4CB31DCDB88D006524FC /* AppDelegate.m */; };
		FA0D4CB71DCDB88D006524FC /* ViewController.m in Sources */ = {isa = PBXBuildFile; fileRef = FA0D4CB61DCDB88D006524FC /* ViewController.m */; };
		FA0D4CBA1DCDB88D006524FC /* Main.storyboard in Resources */ = {isa = PBXBuildFile; fileRef = FA0D4CB81DCDB88D006524FC /* Main.storyboard */; };
		FA0D4CBC1DCDB88D006524FC /* Assets.xcassets in Resources */ = {isa = PBXBuildFile; fileRef = FA0D4CBB1DCDB88D006524FC /* Assets.xcassets */; };
		FA0D4CBF1DCDB88D006524FC /* LaunchScreen.storyboard in Resources */ = {isa = PBXBuildFile; fileRef = FA0D4CBD1DCDB88D006524FC /* LaunchScreen.storyboard */; };
		FA0D4CCA1DCDB88D006524FC /* CycleAdvertTests.m in Sources */ = {isa = PBXBuildFile; fileRef = FA0D4CC91DCDB88D006524FC /* CycleAdvertTests.m */; };
		FA0D4CD51DCDB88D006524FC /* CycleAdvertUITests.m in Sources */ = {isa = PBXBuildFile; fileRef = FA0D4CD41DCDB88D006524FC /* CycleAdvertUITests.m */; };
		FA0D4CE51DCDB8B0006524FC /* CycleAdvertView.m in Sources */ = {isa = PBXBuildFile; fileRef = FA0D4CE41DCDB8B0006524FC /* CycleAdvertView.m */; };
		FA0D4D081DCDB8D8006524FC /* MKAnnotationView+WebCache.m in Sources */ = {isa = PBXBuildFile; fileRef = FA0D4CE81DCDB8D8006524FC /* MKAnnotationView+WebCache.m */; };
		FA0D4D091DCDB8D8006524FC /* NSData+ImageContentType.m in Sources */ = {isa = PBXBuildFile; fileRef = FA0D4CEA1DCDB8D8006524FC /* NSData+ImageContentType.m */; };
		FA0D4D0A1DCDB8D8006524FC /* SDImageCache.m in Sources */ = {isa = PBXBuildFile; fileRef = FA0D4CEC1DCDB8D8006524FC /* SDImageCache.m */; };
		FA0D4D0B1DCDB8D8006524FC /* SDWebImageCompat.m in Sources */ = {isa = PBXBuildFile; fileRef = FA0D4CEE1DCDB8D8006524FC /* SDWebImageCompat.m */; };
		FA0D4D0C1DCDB8D8006524FC /* SDWebImageDecoder.m in Sources */ = {isa = PBXBuildFile; fileRef = FA0D4CF01DCDB8D8006524FC /* SDWebImageDecoder.m */; };
		FA0D4D0D1DCDB8D8006524FC /* SDWebImageDownloader.m in Sources */ = {isa = PBXBuildFile; fileRef = FA0D4CF21DCDB8D8006524FC /* SDWebImageDownloader.m */; };
		FA0D4D0E1DCDB8D8006524FC /* SDWebImageDownloaderOperation.m in Sources */ = {isa = PBXBuildFile; fileRef = FA0D4CF41DCDB8D8006524FC /* SDWebImageDownloaderOperation.m */; };
		FA0D4D0F1DCDB8D8006524FC /* SDWebImageManager.m in Sources */ = {isa = PBXBuildFile; fileRef = FA0D4CF61DCDB8D8006524FC /* SDWebImageManager.m */; };
		FA0D4D101DCDB8D8006524FC /* SDWebImagePrefetcher.m in Sources */ = {isa = PBXBuildFile; fileRef = FA0D4CF91DCDB8D8006524FC /* SDWebImagePrefetcher.m */; };
		FA0D4D111DCDB8D8006524FC /* UIButton+WebCache.m in Sources */ = {isa = PBXBuildFile; fileRef = FA0D4CFB1DCDB8D8006524FC /* UIButton+WebCache.m */; };
		FA0D4D121DCDB8D8006524FC /* UIImage+GIF.m in Sources */ = {isa = PBXBuildFile; fileRef = FA0D4CFD1DCDB8D8006524FC /* UIImage+GIF.m */; };
		FA0D4D131DCDB8D8006524FC /* UIImage+MultiFormat.m in Sources */ = {isa = PBXBuildFile; fileRef = FA0D4CFF1DCDB8D8006524FC /* UIImage+MultiFormat.m */; };
		FA0D4D141DCDB8D8006524FC /* UIImage+WebP.m in Sources */ = {isa = PBXBuildFile; fileRef = FA0D4D011DCDB8D8006524FC /* UIImage+WebP.m */; };
		FA0D4D151DCDB8D8006524FC /* UIImageView+HighlightedWebCache.m in Sources */ = {isa = PBXBuildFile; fileRef = FA0D4D031DCDB8D8006524FC /* UIImageView+HighlightedWebCache.m */; };
		FA0D4D161DCDB8D8006524FC /* UIImageView+WebCache.m in Sources */ = {isa = PBXBuildFile; fileRef = FA0D4D051DCDB8D8006524FC /* UIImageView+WebCache.m */; };
		FA0D4D171DCDB8D8006524FC /* UIView+WebCacheOperation.m in Sources */ = {isa = PBXBuildFile; fileRef = FA0D4D071DCDB8D8006524FC /* UIView+WebCacheOperation.m */; };
		FABBB3B31DCE168500C1D3D6 /* AdvertModel.m in Sources */ = {isa = PBXBuildFile; fileRef = FABBB3B21DCE168500C1D3D6 /* AdvertModel.m */; };
/* End PBXBuildFile section */

/* Begin PBXContainerItemProxy section */
		FA0D4CC61DCDB88D006524FC /* PBXContainerItemProxy */ = {
			isa = PBXContainerItemProxy;
			containerPortal = FA0D4CA41DCDB88D006524FC /* Project object */;
			proxyType = 1;
			remoteGlobalIDString = FA0D4CAB1DCDB88D006524FC;
			remoteInfo = CycleAdvert;
		};
		FA0D4CD11DCDB88D006524FC /* PBXContainerItemProxy */ = {
			isa = PBXContainerItemProxy;
			containerPortal = FA0D4CA41DCDB88D006524FC /* Project object */;
			proxyType = 1;
			remoteGlobalIDString = FA0D4CAB1DCDB88D006524FC;
			remoteInfo = CycleAdvert;
		};
/* End PBXContainerItemProxy section */

/* Begin PBXFileReference section */
		FA0D4CAC1DCDB88D006524FC /* CycleAdvert.app */ = {isa = PBXFileReference; explicitFileType = wrapper.application; includeInIndex = 0; path = CycleAdvert.app; sourceTree = BUILT_PRODUCTS_DIR; };
		FA0D4CB01DCDB88D006524FC /* main.m */ = {isa = PBXFileReference; lastKnownFileType = sourcecode.c.objc; path = main.m; sourceTree = "<group>"; };
		FA0D4CB21DCDB88D006524FC /* AppDelegate.h */ = {isa = PBXFileReference; lastKnownFileType = sourcecode.c.h; path = AppDelegate.h; sourceTree = "<group>"; };
		FA0D4CB31DCDB88D006524FC /* AppDelegate.m */ = {isa = PBXFileReference; lastKnownFileType = sourcecode.c.objc; path = AppDelegate.m; sourceTree = "<group>"; };
		FA0D4CB51DCDB88D006524FC /* ViewController.h */ = {isa = PBXFileReference; lastKnownFileType = sourcecode.c.h; path = ViewController.h; sourceTree = "<group>"; };
		FA0D4CB61DCDB88D006524FC /* ViewController.m */ = {isa = PBXFileReference; lastKnownFileType = sourcecode.c.objc; path = ViewController.m; sourceTree = "<group>"; };
		FA0D4CB91DCDB88D006524FC /* Base */ = {isa = PBXFileReference; lastKnownFileType = file.storyboard; name = Base; path = Base.lproj/Main.storyboard; sourceTree = "<group>"; };
		FA0D4CBB1DCDB88D006524FC /* Assets.xcassets */ = {isa = PBXFileReference; lastKnownFileType = folder.assetcatalog; path = Assets.xcassets; sourceTree = "<group>"; };
		FA0D4CBE1DCDB88D006524FC /* Base */ = {isa = PBXFileReference; lastKnownFileType = file.storyboard; name = Base; path = Base.lproj/LaunchScreen.storyboard; sourceTree = "<group>"; };
		FA0D4CC01DCDB88D006524FC /* Info.plist */ = {isa = PBXFileReference; lastKnownFileType = text.plist.xml; path = Info.plist; sourceTree = "<group>"; };
		FA0D4CC51DCDB88D006524FC /* CycleAdvertTests.xctest */ = {isa = PBXFileReference; explicitFileType = wrapper.cfbundle; includeInIndex = 0; path = CycleAdvertTests.xctest; sourceTree = BUILT_PRODUCTS_DIR; };
		FA0D4CC91DCDB88D006524FC /* CycleAdvertTests.m */ = {isa = PBXFileReference; lastKnownFileType = sourcecode.c.objc; path = CycleAdvertTests.m; sourceTree = "<group>"; };
		FA0D4CCB1DCDB88D006524FC /* Info.plist */ = {isa = PBXFileReference; lastKnownFileType = text.plist.xml; path = Info.plist; sourceTree = "<group>"; };
		FA0D4CD01DCDB88D006524FC /* CycleAdvertUITests.xctest */ = {isa = PBXFileReference; explicitFileType = wrapper.cfbundle; includeInIndex = 0; path = CycleAdvertUITests.xctest; sourceTree = BUILT_PRODUCTS_DIR; };
		FA0D4CD41DCDB88D006524FC /* CycleAdvertUITests.m */ = {isa = PBXFileReference; lastKnownFileType = sourcecode.c.objc; path = CycleAdvertUITests.m; sourceTree = "<group>"; };
		FA0D4CD61DCDB88D006524FC /* Info.plist */ = {isa = PBXFileReference; lastKnownFileType = text.plist.xml; path = Info.plist; sourceTree = "<group>"; };
		FA0D4CE31DCDB8B0006524FC /* CycleAdvertView.h */ = {isa = PBXFileReference; fileEncoding = 4; lastKnownFileType = sourcecode.c.h; path = CycleAdvertView.h; sourceTree = "<group>"; };
		FA0D4CE41DCDB8B0006524FC /* CycleAdvertView.m */ = {isa = PBXFileReference; fileEncoding = 4; lastKnownFileType = sourcecode.c.objc; path = CycleAdvertView.m; sourceTree = "<group>"; };
		FA0D4CE71DCDB8D8006524FC /* MKAnnotationView+WebCache.h */ = {isa = PBXFileReference; fileEncoding = 4; lastKnownFileType = sourcecode.c.h; path = "MKAnnotationView+WebCache.h"; sourceTree = "<group>"; };
		FA0D4CE81DCDB8D8006524FC /* MKAnnotationView+WebCache.m */ = {isa = PBXFileReference; fileEncoding = 4; lastKnownFileType = sourcecode.c.objc; path = "MKAnnotationView+WebCache.m"; sourceTree = "<group>"; };
		FA0D4CE91DCDB8D8006524FC /* NSData+ImageContentType.h */ = {isa = PBXFileReference; fileEncoding = 4; lastKnownFileType = sourcecode.c.h; path = "NSData+ImageContentType.h"; sourceTree = "<group>"; };
		FA0D4CEA1DCDB8D8006524FC /* NSData+ImageContentType.m */ = {isa = PBXFileReference; fileEncoding = 4; lastKnownFileType = sourcecode.c.objc; path = "NSData+ImageContentType.m"; sourceTree = "<group>"; };
		FA0D4CEB1DCDB8D8006524FC /* SDImageCache.h */ = {isa = PBXFileReference; fileEncoding = 4; lastKnownFileType = sourcecode.c.h; path = SDImageCache.h; sourceTree = "<group>"; };
		FA0D4CEC1DCDB8D8006524FC /* SDImageCache.m */ = {isa = PBXFileReference; fileEncoding = 4; lastKnownFileType = sourcecode.c.objc; path = SDImageCache.m; sourceTree = "<group>"; };
		FA0D4CED1DCDB8D8006524FC /* SDWebImageCompat.h */ = {isa = PBXFileReference; fileEncoding = 4; lastKnownFileType = sourcecode.c.h; path = SDWebImageCompat.h; sourceTree = "<group>"; };
		FA0D4CEE1DCDB8D8006524FC /* SDWebImageCompat.m */ = {isa = PBXFileReference; fileEncoding = 4; lastKnownFileType = sourcecode.c.objc; path = SDWebImageCompat.m; sourceTree = "<group>"; };
		FA0D4CEF1DCDB8D8006524FC /* SDWebImageDecoder.h */ = {isa = PBXFileReference; fileEncoding = 4; lastKnownFileType = sourcecode.c.h; path = SDWebImageDecoder.h; sourceTree = "<group>"; };
		FA0D4CF01DCDB8D8006524FC /* SDWebImageDecoder.m */ = {isa = PBXFileReference; fileEncoding = 4; lastKnownFileType = sourcecode.c.objc; path = SDWebImageDecoder.m; sourceTree = "<group>"; };
		FA0D4CF11DCDB8D8006524FC /* SDWebImageDownloader.h */ = {isa = PBXFileReference; fileEncoding = 4; lastKnownFileType = sourcecode.c.h; path = SDWebImageDownloader.h; sourceTree = "<group>"; };
		FA0D4CF21DCDB8D8006524FC /* SDWebImageDownloader.m */ = {isa = PBXFileReference; fileEncoding = 4; lastKnownFileType = sourcecode.c.objc; path = SDWebImageDownloader.m; sourceTree = "<group>"; };
		FA0D4CF31DCDB8D8006524FC /* SDWebImageDownloaderOperation.h */ = {isa = PBXFileReference; fileEncoding = 4; lastKnownFileType = sourcecode.c.h; path = SDWebImageDownloaderOperation.h; sourceTree = "<group>"; };
		FA0D4CF41DCDB8D8006524FC /* SDWebImageDownloaderOperation.m */ = {isa = PBXFileReference; fileEncoding = 4; lastKnownFileType = sourcecode.c.objc; path = SDWebImageDownloaderOperation.m; sourceTree = "<group>"; };
		FA0D4CF51DCDB8D8006524FC /* SDWebImageManager.h */ = {isa = PBXFileReference; fileEncoding = 4; lastKnownFileType = sourcecode.c.h; path = SDWebImageManager.h; sourceTree = "<group>"; };
		FA0D4CF61DCDB8D8006524FC /* SDWebImageManager.m */ = {isa = PBXFileReference; fileEncoding = 4; lastKnownFileType = sourcecode.c.objc; path = SDWebImageManager.m; sourceTree = "<group>"; };
		FA0D4CF71DCDB8D8006524FC /* SDWebImageOperation.h */ = {isa = PBXFileReference; fileEncoding = 4; lastKnownFileType = sourcecode.c.h; path = SDWebImageOperation.h; sourceTree = "<group>"; };
		FA0D4CF81DCDB8D8006524FC /* SDWebImagePrefetcher.h */ = {isa = PBXFileReference; fileEncoding = 4; lastKnownFileType = sourcecode.c.h; path = SDWebImagePrefetcher.h; sourceTree = "<group>"; };
		FA0D4CF91DCDB8D8006524FC /* SDWebImagePrefetcher.m */ = {isa = PBXFileReference; fileEncoding = 4; lastKnownFileType = sourcecode.c.objc; path = SDWebImagePrefetcher.m; sourceTree = "<group>"; };
		FA0D4CFA1DCDB8D8006524FC /* UIButton+WebCache.h */ = {isa = PBXFileReference; fileEncoding = 4; lastKnownFileType = sourcecode.c.h; path = "UIButton+WebCache.h"; sourceTree = "<group>"; };
		FA0D4CFB1DCDB8D8006524FC /* UIButton+WebCache.m */ = {isa = PBXFileReference; fileEncoding = 4; lastKnownFileType = sourcecode.c.objc; path = "UIButton+WebCache.m"; sourceTree = "<group>"; };
		FA0D4CFC1DCDB8D8006524FC /* UIImage+GIF.h */ = {isa = PBXFileReference; fileEncoding = 4; lastKnownFileType = sourcecode.c.h; path = "UIImage+GIF.h"; sourceTree = "<group>"; };
		FA0D4CFD1DCDB8D8006524FC /* UIImage+GIF.m */ = {isa = PBXFileReference; fileEncoding = 4; lastKnownFileType = sourcecode.c.objc; path = "UIImage+GIF.m"; sourceTree = "<group>"; };
		FA0D4CFE1DCDB8D8006524FC /* UIImage+MultiFormat.h */ = {isa = PBXFileReference; fileEncoding = 4; lastKnownFileType = sourcecode.c.h; path = "UIImage+MultiFormat.h"; sourceTree = "<group>"; };
		FA0D4CFF1DCDB8D8006524FC /* UIImage+MultiFormat.m */ = {isa = PBXFileReference; fileEncoding = 4; lastKnownFileType = sourcecode.c.objc; path = "UIImage+MultiFormat.m"; sourceTree = "<group>"; };
		FA0D4D001DCDB8D8006524FC /* UIImage+WebP.h */ = {isa = PBXFileReference; fileEncoding = 4; lastKnownFileType = sourcecode.c.h; path = "UIImage+WebP.h"; sourceTree = "<group>"; };
		FA0D4D011DCDB8D8006524FC /* UIImage+WebP.m */ = {isa = PBXFileReference; fileEncoding = 4; lastKnownFileType = sourcecode.c.objc; path = "UIImage+WebP.m"; sourceTree = "<group>"; };
		FA0D4D021DCDB8D8006524FC /* UIImageView+HighlightedWebCache.h */ = {isa = PBXFileReference; fileEncoding = 4; lastKnownFileType = sourcecode.c.h; path = "UIImageView+HighlightedWebCache.h"; sourceTree = "<group>"; };
		FA0D4D031DCDB8D8006524FC /* UIImageView+HighlightedWebCache.m */ = {isa = PBXFileReference; fileEncoding = 4; lastKnownFileType = sourcecode.c.objc; path = "UIImageView+HighlightedWebCache.m"; sourceTree = "<group>"; };
		FA0D4D041DCDB8D8006524FC /* UIImageView+WebCache.h */ = {isa = PBXFileReference; fileEncoding = 4; lastKnownFileType = sourcecode.c.h; path = "UIImageView+WebCache.h"; sourceTree = "<group>"; };
		FA0D4D051DCDB8D8006524FC /* UIImageView+WebCache.m */ = {isa = PBXFileReference; fileEncoding = 4; lastKnownFileType = sourcecode.c.objc; path = "UIImageView+WebCache.m"; sourceTree = "<group>"; };
		FA0D4D061DCDB8D8006524FC /* UIView+WebCacheOperation.h */ = {isa = PBXFileReference; fileEncoding = 4; lastKnownFileType = sourcecode.c.h; path = "UIView+WebCacheOperation.h"; sourceTree = "<group>"; };
		FA0D4D071DCDB8D8006524FC /* UIView+WebCacheOperation.m */ = {isa = PBXFileReference; fileEncoding = 4; lastKnownFileType = sourcecode.c.objc; path = "UIView+WebCacheOperation.m"; sourceTree = "<group>"; };
		FABBB3B11DCE168500C1D3D6 /* AdvertModel.h */ = {isa = PBXFileReference; fileEncoding = 4; lastKnownFileType = sourcecode.c.h; path = AdvertModel.h; sourceTree = "<group>"; };
		FABBB3B21DCE168500C1D3D6 /* AdvertModel.m */ = {isa = PBXFileReference; fileEncoding = 4; lastKnownFileType = sourcecode.c.objc; path = AdvertModel.m; sourceTree = "<group>"; };
/* End PBXFileReference section */

/* Begin PBXFrameworksBuildPhase section */
		FA0D4CA91DCDB88D006524FC /* Frameworks */ = {
			isa = PBXFrameworksBuildPhase;
			buildActionMask = 2147483647;
			files = (
			);
			runOnlyForDeploymentPostprocessing = 0;
		};
		FA0D4CC21DCDB88D006524FC /* Frameworks */ = {
			isa = PBXFrameworksBuildPhase;
			buildActionMask = 2147483647;
			files = (
			);
			runOnlyForDeploymentPostprocessing = 0;
		};
		FA0D4CCD1DCDB88D006524FC /* Frameworks */ = {
			isa = PBXFrameworksBuildPhase;
			buildActionMask = 2147483647;
			files = (
			);
			runOnlyForDeploymentPostprocessing = 0;
		};
/* End PBXFrameworksBuildPhase section */

/* Begin PBXGroup section */
		FA0D4CA31DCDB88D006524FC = {
			isa = PBXGroup;
			children = (
				FA0D4CAE1DCDB88D006524FC /* CycleAdvert */,
				FA0D4CC81DCDB88D006524FC /* CycleAdvertTests */,
				FA0D4CD31DCDB88D006524FC /* CycleAdvertUITests */,
				FA0D4CAD1DCDB88D006524FC /* Products */,
			);
			sourceTree = "<group>";
		};
		FA0D4CAD1DCDB88D006524FC /* Products */ = {
			isa = PBXGroup;
			children = (
				FA0D4CAC1DCDB88D006524FC /* CycleAdvert.app */,
				FA0D4CC51DCDB88D006524FC /* CycleAdvertTests.xctest */,
				FA0D4CD01DCDB88D006524FC /* CycleAdvertUITests.xctest */,
			);
			name = Products;
			sourceTree = "<group>";
		};
		FA0D4CAE1DCDB88D006524FC /* CycleAdvert */ = {
			isa = PBXGroup;
			children = (
				FA0D4CE61DCDB8D8006524FC /* SDWebImage */,
				FA0D4CE21DCDB8A0006524FC /* CycleAdvert */,
				FA0D4CB21DCDB88D006524FC /* AppDelegate.h */,
				FA0D4CB31DCDB88D006524FC /* AppDelegate.m */,
				FA0D4CB51DCDB88D006524FC /* ViewController.h */,
				FA0D4CB61DCDB88D006524FC /* ViewController.m */,
				FA0D4CB81DCDB88D006524FC /* Main.storyboard */,
				FA0D4CBB1DCDB88D006524FC /* Assets.xcassets */,
				FA0D4CBD1DCDB88D006524FC /* LaunchScreen.storyboard */,
				FA0D4CC01DCDB88D006524FC /* Info.plist */,
				FA0D4CAF1DCDB88D006524FC /* Supporting Files */,
			);
			path = CycleAdvert;
			sourceTree = "<group>";
		};
		FA0D4CAF1DCDB88D006524FC /* Supporting Files */ = {
			isa = PBXGroup;
			children = (
				FA0D4CB01DCDB88D006524FC /* main.m */,
			);
			name = "Supporting Files";
			sourceTree = "<group>";
		};
		FA0D4CC81DCDB88D006524FC /* CycleAdvertTests */ = {
			isa = PBXGroup;
			children = (
				FA0D4CC91DCDB88D006524FC /* CycleAdvertTests.m */,
				FA0D4CCB1DCDB88D006524FC /* Info.plist */,
			);
			path = CycleAdvertTests;
			sourceTree = "<group>";
		};
		FA0D4CD31DCDB88D006524FC /* CycleAdvertUITests */ = {
			isa = PBXGroup;
			children = (
				FA0D4CD41DCDB88D006524FC /* CycleAdvertUITests.m */,
				FA0D4CD61DCDB88D006524FC /* Info.plist */,
			);
			path = CycleAdvertUITests;
			sourceTree = "<group>";
		};
		FA0D4CE21DCDB8A0006524FC /* CycleAdvert */ = {
			isa = PBXGroup;
			children = (
				FA0D4CE31DCDB8B0006524FC /* CycleAdvertView.h */,
				FA0D4CE41DCDB8B0006524FC /* CycleAdvertView.m */,
				FABBB3B11DCE168500C1D3D6 /* AdvertModel.h */,
				FABBB3B21DCE168500C1D3D6 /* AdvertModel.m */,
			);
			path = CycleAdvert;
			sourceTree = "<group>";
		};
		FA0D4CE61DCDB8D8006524FC /* SDWebImage */ = {
			isa = PBXGroup;
			children = (
				FA0D4CE71DCDB8D8006524FC /* MKAnnotationView+WebCache.h */,
				FA0D4CE81DCDB8D8006524FC /* MKAnnotationView+WebCache.m */,
				FA0D4CE91DCDB8D8006524FC /* NSData+ImageContentType.h */,
				FA0D4CEA1DCDB8D8006524FC /* NSData+ImageContentType.m */,
				FA0D4CEB1DCDB8D8006524FC /* SDImageCache.h */,
				FA0D4CEC1DCDB8D8006524FC /* SDImageCache.m */,
				FA0D4CED1DCDB8D8006524FC /* SDWebImageCompat.h */,
				FA0D4CEE1DCDB8D8006524FC /* SDWebImageCompat.m */,
				FA0D4CEF1DCDB8D8006524FC /* SDWebImageDecoder.h */,
				FA0D4CF01DCDB8D8006524FC /* SDWebImageDecoder.m */,
				FA0D4CF11DCDB8D8006524FC /* SDWebImageDownloader.h */,
				FA0D4CF21DCDB8D8006524FC /* SDWebImageDownloader.m */,
				FA0D4CF31DCDB8D8006524FC /* SDWebImageDownloaderOperation.h */,
				FA0D4CF41DCDB8D8006524FC /* SDWebImageDownloaderOperation.m */,
				FA0D4CF51DCDB8D8006524FC /* SDWebImageManager.h */,
				FA0D4CF61DCDB8D8006524FC /* SDWebImageManager.m */,
				FA0D4CF71DCDB8D8006524FC /* SDWebImageOperation.h */,
				FA0D4CF81DCDB8D8006524FC /* SDWebImagePrefetcher.h */,
				FA0D4CF91DCDB8D8006524FC /* SDWebImagePrefetcher.m */,
				FA0D4CFA1DCDB8D8006524FC /* UIButton+WebCache.h */,
				FA0D4CFB1DCDB8D8006524FC /* UIButton+WebCache.m */,
				FA0D4CFC1DCDB8D8006524FC /* UIImage+GIF.h */,
				FA0D4CFD1DCDB8D8006524FC /* UIImage+GIF.m */,
				FA0D4CFE1DCDB8D8006524FC /* UIImage+MultiFormat.h */,
				FA0D4CFF1DCDB8D8006524FC /* UIImage+MultiFormat.m */,
				FA0D4D001DCDB8D8006524FC /* UIImage+WebP.h */,
				FA0D4D011DCDB8D8006524FC /* UIImage+WebP.m */,
				FA0D4D021DCDB8D8006524FC /* UIImageView+HighlightedWebCache.h */,
				FA0D4D031DCDB8D8006524FC /* UIImageView+HighlightedWebCache.m */,
				FA0D4D041DCDB8D8006524FC /* UIImageView+WebCache.h */,
				FA0D4D051DCDB8D8006524FC /* UIImageView+WebCache.m */,
				FA0D4D061DCDB8D8006524FC /* UIView+WebCacheOperation.h */,
				FA0D4D071DCDB8D8006524FC /* UIView+WebCacheOperation.m */,
			);
			path = SDWebImage;
			sourceTree = "<group>";
		};
/* End PBXGroup section */

/* Begin PBXNativeTarget section */
		FA0D4CAB1DCDB88D006524FC /* CycleAdvert */ = {
			isa = PBXNativeTarget;
			buildConfigurationList = FA0D4CD91DCDB88D006524FC /* Build configuration list for PBXNativeTarget "CycleAdvert" */;
			buildPhases = (
				FA0D4CA81DCDB88D006524FC /* Sources */,
				FA0D4CA91DCDB88D006524FC /* Frameworks */,
				FA0D4CAA1DCDB88D006524FC /* Resources */,
			);
			buildRules = (
			);
			dependencies = (
			);
			name = CycleAdvert;
			productName = CycleAdvert;
			productReference = FA0D4CAC1DCDB88D006524FC /* CycleAdvert.app */;
			productType = "com.apple.product-type.application";
		};
		FA0D4CC41DCDB88D006524FC /* CycleAdvertTests */ = {
			isa = PBXNativeTarget;
			buildConfigurationList = FA0D4CDC1DCDB88E006524FC /* Build configuration list for PBXNativeTarget "CycleAdvertTests" */;
			buildPhases = (
				FA0D4CC11DCDB88D006524FC /* Sources */,
				FA0D4CC21DCDB88D006524FC /* Frameworks */,
				FA0D4CC31DCDB88D006524FC /* Resources */,
			);
			buildRules = (
			);
			dependencies = (
				FA0D4CC71DCDB88D006524FC /* PBXTargetDependency */,
			);
			name = CycleAdvertTests;
			productName = CycleAdvertTests;
			productReference = FA0D4CC51DCDB88D006524FC /* CycleAdvertTests.xctest */;
			productType = "com.apple.product-type.bundle.unit-test";
		};
		FA0D4CCF1DCDB88D006524FC /* CycleAdvertUITests */ = {
			isa = PBXNativeTarget;
			buildConfigurationList = FA0D4CDF1DCDB88E006524FC /* Build configuration list for PBXNativeTarget "CycleAdvertUITests" */;
			buildPhases = (
				FA0D4CCC1DCDB88D006524FC /* Sources */,
				FA0D4CCD1DCDB88D006524FC /* Frameworks */,
				FA0D4CCE1DCDB88D006524FC /* Resources */,
			);
			buildRules = (
			);
			dependencies = (
				FA0D4CD21DCDB88D006524FC /* PBXTargetDependency */,
			);
			name = CycleAdvertUITests;
			productName = CycleAdvertUITests;
			productReference = FA0D4CD01DCDB88D006524FC /* CycleAdvertUITests.xctest */;
			productType = "com.apple.product-type.bundle.ui-testing";
		};
/* End PBXNativeTarget section */

/* Begin PBXProject section */
		FA0D4CA41DCDB88D006524FC /* Project object */ = {
			isa = PBXProject;
			attributes = {
				LastUpgradeCheck = 0810;
				ORGANIZATIONNAME = Alex;
				TargetAttributes = {
					FA0D4CAB1DCDB88D006524FC = {
						CreatedOnToolsVersion = 8.1;
						DevelopmentTeam = ZSS2LWPKC7;
						ProvisioningStyle = Automatic;
					};
					FA0D4CC41DCDB88D006524FC = {
						CreatedOnToolsVersion = 8.1;
						ProvisioningStyle = Automatic;
						TestTargetID = FA0D4CAB1DCDB88D006524FC;
					};
					FA0D4CCF1DCDB88D006524FC = {
						CreatedOnToolsVersion = 8.1;
						ProvisioningStyle = Automatic;
						TestTargetID = FA0D4CAB1DCDB88D006524FC;
					};
				};
			};
			buildConfigurationList = FA0D4CA71DCDB88D006524FC /* Build configuration list for PBXProject "CycleAdvert" */;
			compatibilityVersion = "Xcode 3.2";
			developmentRegion = English;
			hasScannedForEncodings = 0;
			knownRegions = (
				en,
				Base,
			);
			mainGroup = FA0D4CA31DCDB88D006524FC;
			productRefGroup = FA0D4CAD1DCDB88D006524FC /* Products */;
			projectDirPath = "";
			projectRoot = "";
			targets = (
				FA0D4CAB1DCDB88D006524FC /* CycleAdvert */,
				FA0D4CC41DCDB88D006524FC /* CycleAdvertTests */,
				FA0D4CCF1DCDB88D006524FC /* CycleAdvertUITests */,
			);
		};
/* End PBXProject section */

/* Begin PBXResourcesBuildPhase section */
		FA0D4CAA1DCDB88D006524FC /* Resources */ = {
			isa = PBXResourcesBuildPhase;
			buildActionMask = 2147483647;
			files = (
				FA0D4CBF1DCDB88D006524FC /* LaunchScreen.storyboard in Resources */,
				FA0D4CBC1DCDB88D006524FC /* Assets.xcassets in Resources */,
				FA0D4CBA1DCDB88D006524FC /* Main.storyboard in Resources */,
			);
			runOnlyForDeploymentPostprocessing = 0;
		};
		FA0D4CC31DCDB88D006524FC /* Resources */ = {
			isa = PBXResourcesBuildPhase;
			buildActionMask = 2147483647;
			files = (
			);
			runOnlyForDeploymentPostprocessing = 0;
		};
		FA0D4CCE1DCDB88D006524FC /* Resources */ = {
			isa = PBXResourcesBuildPhase;
			buildActionMask = 2147483647;
			files = (
			);
			runOnlyForDeploymentPostprocessing = 0;
		};
/* End PBXResourcesBuildPhase section */

/* Begin PBXSourcesBuildPhase section */
		FA0D4CA81DCDB88D006524FC /* Sources */ = {
			isa = PBXSourcesBuildPhase;
			buildActionMask = 2147483647;
			files = (
				FA0D4D151DCDB8D8006524FC /* UIImageView+HighlightedWebCache.m in Sources */,
				FA0D4D131DCDB8D8006524FC /* UIImage+MultiFormat.m in Sources */,
				FA0D4D0E1DCDB8D8006524FC /* SDWebImageDownloaderOperation.m in Sources */,
				FA0D4CB71DCDB88D006524FC /* ViewController.m in Sources */,
				FABBB3B31DCE168500C1D3D6 /* AdvertModel.m in Sources */,
				FA0D4D0B1DCDB8D8006524FC /* SDWebImageCompat.m in Sources */,
				FA0D4D121DCDB8D8006524FC /* UIImage+GIF.m in Sources */,
				FA0D4D101DCDB8D8006524FC /* SDWebImagePrefetcher.m in Sources */,
				FA0D4CE51DCDB8B0006524FC /* CycleAdvertView.m in Sources */,
				FA0D4CB41DCDB88D006524FC /* AppDelegate.m in Sources */,
				FA0D4D141DCDB8D8006524FC /* UIImage+WebP.m in Sources */,
				FA0D4D161DCDB8D8006524FC /* UIImageView+WebCache.m in Sources */,
				FA0D4D0D1DCDB8D8006524FC /* SDWebImageDownloader.m in Sources */,
				FA0D4D171DCDB8D8006524FC /* UIView+WebCacheOperation.m in Sources */,
				FA0D4D111DCDB8D8006524FC /* UIButton+WebCache.m in Sources */,
				FA0D4D081DCDB8D8006524FC /* MKAnnotationView+WebCache.m in Sources */,
				FA0D4D091DCDB8D8006524FC /* NSData+ImageContentType.m in Sources */,
				FA0D4CB11DCDB88D006524FC /* main.m in Sources */,
				FA0D4D0F1DCDB8D8006524FC /* SDWebImageManager.m in Sources */,
				FA0D4D0C1DCDB8D8006524FC /* SDWebImageDecoder.m in Sources */,
				FA0D4D0A1DCDB8D8006524FC /* SDImageCache.m in Sources */,
			);
			runOnlyForDeploymentPostprocessing = 0;
		};
		FA0D4CC11DCDB88D006524FC /* Sources */ = {
			isa = PBXSourcesBuildPhase;
			buildActionMask = 2147483647;
			files = (
				FA0D4CCA1DCDB88D006524FC /* CycleAdvertTests.m in Sources */,
			);
			runOnlyForDeploymentPostprocessing = 0;
		};
		FA0D4CCC1DCDB88D006524FC /* Sources */ = {
			isa = PBXSourcesBuildPhase;
			buildActionMask = 2147483647;
			files = (
				FA0D4CD51DCDB88D006524FC /* CycleAdvertUITests.m in Sources */,
			);
			runOnlyForDeploymentPostprocessing = 0;
		};
/* End PBXSourcesBuildPhase section */

/* Begin PBXTargetDependency section */
		FA0D4CC71DCDB88D006524FC /* PBXTargetDependency */ = {
			isa = PBXTargetDependency;
			target = FA0D4CAB1DCDB88D006524FC /* CycleAdvert */;
			targetProxy = FA0D4CC61DCDB88D006524FC /* PBXContainerItemProxy */;
		};
		FA0D4CD21DCDB88D006524FC /* PBXTargetDependency */ = {
			isa = PBXTargetDependency;
			target = FA0D4CAB1DCDB88D006524FC /* CycleAdvert */;
			targetProxy = FA0D4CD11DCDB88D006524FC /* PBXContainerItemProxy */;
		};
/* End PBXTargetDependency section */

/* Begin PBXVariantGroup section */
		FA0D4CB81DCDB88D006524FC /* Main.storyboard */ = {
			isa = PBXVariantGroup;
			children = (
				FA0D4CB91DCDB88D006524FC /* Base */,
			);
			name = Main.storyboard;
			sourceTree = "<group>";
		};
		FA0D4CBD1DCDB88D006524FC /* LaunchScreen.storyboard */ = {
			isa = PBXVariantGroup;
			children = (
				FA0D4CBE1DCDB88D006524FC /* Base */,
			);
			name = LaunchScreen.storyboard;
			sourceTree = "<group>";
		};
/* End PBXVariantGroup section */

/* Begin XCBuildConfiguration section */
		FA0D4CD71DCDB88D006524FC /* Debug */ = {
			isa = XCBuildConfiguration;
			buildSettings = {
				ALWAYS_SEARCH_USER_PATHS = NO;
				CLANG_ANALYZER_NONNULL = YES;
				CLANG_CXX_LANGUAGE_STANDARD = "gnu++0x";
				CLANG_CXX_LIBRARY = "libc++";
				CLANG_ENABLE_MODULES = YES;
				CLANG_ENABLE_OBJC_ARC = YES;
				CLANG_WARN_BOOL_CONVERSION = YES;
				CLANG_WARN_CONSTANT_CONVERSION = YES;
				CLANG_WARN_DIRECT_OBJC_ISA_USAGE = YES_ERROR;
				CLANG_WARN_DOCUMENTATION_COMMENTS = YES;
				CLANG_WARN_EMPTY_BODY = YES;
				CLANG_WARN_ENUM_CONVERSION = YES;
				CLANG_WARN_INFINITE_RECURSION = YES;
				CLANG_WARN_INT_CONVERSION = YES;
				CLANG_WARN_OBJC_ROOT_CLASS = YES_ERROR;
				CLANG_WARN_SUSPICIOUS_MOVES = YES;
				CLANG_WARN_UNREACHABLE_CODE = YES;
				CLANG_WARN__DUPLICATE_METHOD_MATCH = YES;
				"CODE_SIGN_IDENTITY[sdk=iphoneos*]" = "iPhone Developer";
				COPY_PHASE_STRIP = NO;
				DEBUG_INFORMATION_FORMAT = dwarf;
				ENABLE_STRICT_OBJC_MSGSEND = YES;
				ENABLE_TESTABILITY = YES;
				GCC_C_LANGUAGE_STANDARD = gnu99;
				GCC_DYNAMIC_NO_PIC = NO;
				GCC_NO_COMMON_BLOCKS = YES;
				GCC_OPTIMIZATION_LEVEL = 0;
				GCC_PREPROCESSOR_DEFINITIONS = (
					"DEBUG=1",
					"$(inherited)",
				);
				GCC_WARN_64_TO_32_BIT_CONVERSION = YES;
				GCC_WARN_ABOUT_RETURN_TYPE = YES_ERROR;
				GCC_WARN_UNDECLARED_SELECTOR = YES;
				GCC_WARN_UNINITIALIZED_AUTOS = YES_AGGRESSIVE;
				GCC_WARN_UNUSED_FUNCTION = YES;
				GCC_WARN_UNUSED_VARIABLE = YES;
				IPHONEOS_DEPLOYMENT_TARGET = 10.1;
				MTL_ENABLE_DEBUG_INFO = YES;
				ONLY_ACTIVE_ARCH = YES;
				SDKROOT = iphoneos;
			};
			name = Debug;
		};
		FA0D4CD81DCDB88D006524FC /* Release */ = {
			isa = XCBuildConfiguration;
			buildSettings = {
				ALWAYS_SEARCH_USER_PATHS = NO;
				CLANG_ANALYZER_NONNULL = YES;
				CLANG_CXX_LANGUAGE_STANDARD = "gnu++0x";
				CLANG_CXX_LIBRARY = "libc++";
				CLANG_ENABLE_MODULES = YES;
				CLANG_ENABLE_OBJC_ARC = YES;
				CLANG_WARN_BOOL_CONVERSION = YES;
				CLANG_WARN_CONSTANT_CONVERSION = YES;
				CLANG_WARN_DIRECT_OBJC_ISA_USAGE = YES_ERROR;
				CLANG_WARN_DOCUMENTATION_COMMENTS = YES;
				CLANG_WARN_EMPTY_BODY = YES;
				CLANG_WARN_ENUM_CONVERSION = YES;
				CLANG_WARN_INFINITE_RECURSION = YES;
				CLANG_WARN_INT_CONVERSION = YES;
				CLANG_WARN_OBJC_ROOT_CLASS = YES_ERROR;
				CLANG_WARN_SUSPICIOUS_MOVES = YES;
				CLANG_WARN_UNREACHABLE_CODE = YES;
				CLANG_WARN__DUPLICATE_METHOD_MATCH = YES;
				"CODE_SIGN_IDENTITY[sdk=iphoneos*]" = "iPhone Developer";
				COPY_PHASE_STRIP = NO;
				DEBUG_INFORMATION_FORMAT = "dwarf-with-dsym";
				ENABLE_NS_ASSERTIONS = NO;
				ENABLE_STRICT_OBJC_MSGSEND = YES;
				GCC_C_LANGUAGE_STANDARD = gnu99;
				GCC_NO_COMMON_BLOCKS = YES;
				GCC_WARN_64_TO_32_BIT_CONVERSION = YES;
				GCC_WARN_ABOUT_RETURN_TYPE = YES_ERROR;
				GCC_WARN_UNDECLARED_SELECTOR = YES;
				GCC_WARN_UNINITIALIZED_AUTOS = YES_AGGRESSIVE;
				GCC_WARN_UNUSED_FUNCTION = YES;
				GCC_WARN_UNUSED_VARIABLE = YES;
				IPHONEOS_DEPLOYMENT_TARGET = 10.1;
				MTL_ENABLE_DEBUG_INFO = NO;
				SDKROOT = iphoneos;
				VALIDATE_PRODUCT = YES;
			};
			name = Release;
		};
		FA0D4CDA1DCDB88D006524FC /* Debug */ = {
			isa = XCBuildConfiguration;
			buildSettings = {
				ASSETCATALOG_COMPILER_APPICON_NAME = AppIcon;
				DEVELOPMENT_TEAM = ZSS2LWPKC7;
				INFOPLIST_FILE = CycleAdvert/Info.plist;
				IPHONEOS_DEPLOYMENT_TARGET = 8.0;
				LD_RUNPATH_SEARCH_PATHS = "$(inherited) @executable_path/Frameworks";
				PRODUCT_BUNDLE_IDENTIFIER = Alex.CycleAdvert;
				PRODUCT_NAME = "$(TARGET_NAME)";
			};
			name = Debug;
		};
		FA0D4CDB1DCDB88D006524FC /* Release */ = {
			isa = XCBuildConfiguration;
			buildSettings = {
				ASSETCATALOG_COMPILER_APPICON_NAME = AppIcon;
				DEVELOPMENT_TEAM = ZSS2LWPKC7;
				INFOPLIST_FILE = CycleAdvert/Info.plist;
				IPHONEOS_DEPLOYMENT_TARGET = 8.0;
				LD_RUNPATH_SEARCH_PATHS = "$(inherited) @executable_path/Frameworks";
				PRODUCT_BUNDLE_IDENTIFIER = Alex.CycleAdvert;
				PRODUCT_NAME = "$(TARGET_NAME)";
			};
			name = Release;
		};
		FA0D4CDD1DCDB88E006524FC /* Debug */ = {
			isa = XCBuildConfiguration;
			buildSettings = {
				BUNDLE_LOADER = "$(TEST_HOST)";
				INFOPLIST_FILE = CycleAdvertTests/Info.plist;
				LD_RUNPATH_SEARCH_PATHS = "$(inherited) @executable_path/Frameworks @loader_path/Frameworks";
				PRODUCT_BUNDLE_IDENTIFIER = Alex.CycleAdvertTests;
				PRODUCT_NAME = "$(TARGET_NAME)";
				TEST_HOST = "$(BUILT_PRODUCTS_DIR)/CycleAdvert.app/CycleAdvert";
			};
			name = Debug;
		};
		FA0D4CDE1DCDB88E006524FC /* Release */ = {
			isa = XCBuildConfiguration;
			buildSettings = {
				BUNDLE_LOADER = "$(TEST_HOST)";
				INFOPLIST_FILE = CycleAdvertTests/Info.plist;
				LD_RUNPATH_SEARCH_PATHS = "$(inherited) @executable_path/Frameworks @loader_path/Frameworks";
				PRODUCT_BUNDLE_IDENTIFIER = Alex.CycleAdvertTests;
				PRODUCT_NAME = "$(TARGET_NAME)";
				TEST_HOST = "$(BUILT_PRODUCTS_DIR)/CycleAdvert.app/CycleAdvert";
			};
			name = Release;
		};
		FA0D4CE01DCDB88E006524FC /* Debug */ = {
			isa = XCBuildConfiguration;
			buildSettings = {
				INFOPLIST_FILE = CycleAdvertUITests/Info.plist;
				LD_RUNPATH_SEARCH_PATHS = "$(inherited) @executable_path/Frameworks @loader_path/Frameworks";
				PRODUCT_BUNDLE_IDENTIFIER = Alex.CycleAdvertUITests;
				PRODUCT_NAME = "$(TARGET_NAME)";
				TEST_TARGET_NAME = CycleAdvert;
			};
			name = Debug;
		};
		FA0D4CE11DCDB88E006524FC /* Release */ = {
			isa = XCBuildConfiguration;
			buildSettings = {
				INFOPLIST_FILE = CycleAdvertUITests/Info.plist;
				LD_RUNPATH_SEARCH_PATHS = "$(inherited) @executable_path/Frameworks @loader_path/Frameworks";
				PRODUCT_BUNDLE_IDENTIFIER = Alex.CycleAdvertUITests;
				PRODUCT_NAME = "$(TARGET_NAME)";
				TEST_TARGET_NAME = CycleAdvert;
			};
			name = Release;
		};
/* End XCBuildConfiguration section */

/* Begin XCConfigurationList section */
		FA0D4CA71DCDB88D006524FC /* Build configuration list for PBXProject "CycleAdvert" */ = {
			isa = XCConfigurationList;
			buildConfigurations = (
				FA0D4CD71DCDB88D006524FC /* Debug */,
				FA0D4CD81DCDB88D006524FC /* Release */,
			);
			defaultConfigurationIsVisible = 0;
			defaultConfigurationName = Release;
		};
		FA0D4CD91DCDB88D006524FC /* Build configuration list for PBXNativeTarget "CycleAdvert" */ = {
			isa = XCConfigurationList;
			buildConfigurations = (
				FA0D4CDA1DCDB88D006524FC /* Debug */,
				FA0D4CDB1DCDB88D006524FC /* Release */,
			);
			defaultConfigurationIsVisible = 0;
			defaultConfigurationName = Release;
		};
		FA0D4CDC1DCDB88E006524FC /* Build configuration list for PBXNativeTarget "CycleAdvertTests" */ = {
			isa = XCConfigurationList;
			buildConfigurations = (
				FA0D4CDD1DCDB88E006524FC /* Debug */,
				FA0D4CDE1DCDB88E006524FC /* Release */,
			);
			defaultConfigurationIsVisible = 0;
			defaultConfigurationName = Release;
		};
		FA0D4CDF1DCDB88E006524FC /* Build configuration list for PBXNativeTarget "CycleAdvertUITests" */ = {
			isa = XCConfigurationList;
			buildConfigurations = (
				FA0D4CE01DCDB88E006524FC /* Debug */,
				FA0D4CE11DCDB88E006524FC /* Release */,
			);
			defaultConfigurationIsVisible = 0;
			defaultConfigurationName = Release;
		};
/* End XCConfigurationList section */
	};
	rootObject = FA0D4CA41DCDB88D006524FC /* Project object */;
}
